
Microsoft Visual Studio Solution File, Format Version 12.00
# Visual Studio Version 17
VisualStudioVersion = 17.14.36127.28 d17.14
MinimumVisualStudioVersion = 10.0.40219.1
Project("{FAE04EC0-301F-11D3-BF4B-00C04F79EFBC}") = "VSDotnetClass", "VSDotnetClass\VSDotnetClass.csproj", "{A593B110-81B6-49C9-B5B6-98C87C3F8FF7}"
EndProject
Global
	GlobalSection(SolutionConfigurationPlatforms) = preSolution
		Debug|Any CPU = Debug|Any CPU
		Release|Any CPU = Release|Any CPU
	EndGlobalSection
	GlobalSection(ProjectConfigurationPlatforms) = postSolution
		{A593B110-81B6-49C9-B5B6-98C87C3F8FF7}.Debug|Any CPU.ActiveCfg = Debug|Any CPU
		{A593B110-81B6-49C9-B5B6-98C87C3F8FF7}.Debug|Any CPU.Build.0 = Debug|Any CPU
		{A593B110-81B6-49C9-B5B6-98C87C3F8FF7}.Release|Any CPU.ActiveCfg = Release|Any CPU
		{A593B110-81B6-49C9-B5B6-98C87C3F8FF7}.Release|Any CPU.Build.0 = Release|Any CPU
	EndGlobalSection
	GlobalSection(SolutionProperties) = preSolution
		HideSolutionNode = FALSE
	EndGlobalSection
	GlobalSection(ExtensibilityGlobals) = postSolution
		SolutionGuid = {2D5B39F0-04DC-491E-80CE-E9CB9838187C}
	EndGlobalSection
EndGlobal
