
Microsoft Visual Studio Solution File, Format Version 12.00
# Visual Studio Version 17
VisualStudioVersion = 17.14.36127.28 d17.14
MinimumVisualStudioVersion = 10.0.40219.1
Project("{FAE04EC0-301F-11D3-BF4B-00C04F79EFBC}") = "BankApp", "BankApp\BankApp.csproj", "{1965508A-712C-4915-9BDA-592B927BA183}"
EndProject
Project("{FAE04EC0-301F-11D3-BF4B-00C04F79EFBC}") = "BankServiceTestProject", "BankServiceTestProject\BankServiceTestProject.csproj", "{501D2B9A-1DC7-4AAB-A81E-F2A38C76E253}"
EndProject
Project("{FAE04EC0-301F-11D3-BF4B-00C04F79EFBC}") = "InsuranceClaimProcessor", "InsuranceClaimProcessor\InsuranceClaimProcessor.csproj", "{00C2C3FF-8BFC-43A7-9CF9-4B72832F01B7}"
EndProject
Project("{FAE04EC0-301F-11D3-BF4B-00C04F79EFBC}") = "InsuranceClaimTestProject", "InsuranceClaimTestProject\InsuranceClaimTestProject.csproj", "{952D26B0-4A92-4E0E-A31C-B446AB09A991}"
EndProject
Project("{FAE04EC0-301F-11D3-BF4B-00C04F79EFBC}") = "BehaviouralPattern", "BehaviouralPattern\BehaviouralPattern.csproj", "{35E7CD39-6894-47C9-858F-190132EBC973}"
EndProject
Global
	GlobalSection(SolutionConfigurationPlatforms) = preSolution
		Debug|Any CPU = Debug|Any CPU
		Release|Any CPU = Release|Any CPU
	EndGlobalSection
	GlobalSection(ProjectConfigurationPlatforms) = postSolution
		{1965508A-712C-4915-9BDA-592B927BA183}.Debug|Any CPU.ActiveCfg = Debug|Any CPU
		{1965508A-712C-4915-9BDA-592B927BA183}.Debug|Any CPU.Build.0 = Debug|Any CPU
		{1965508A-712C-4915-9BDA-592B927BA183}.Release|Any CPU.ActiveCfg = Release|Any CPU
		{1965508A-712C-4915-9BDA-592B927BA183}.Release|Any CPU.Build.0 = Release|Any CPU
		{501D2B9A-1DC7-4AAB-A81E-F2A38C76E253}.Debug|Any CPU.ActiveCfg = Debug|Any CPU
		{501D2B9A-1DC7-4AAB-A81E-F2A38C76E253}.Debug|Any CPU.Build.0 = Debug|Any CPU
		{501D2B9A-1DC7-4AAB-A81E-F2A38C76E253}.Release|Any CPU.ActiveCfg = Release|Any CPU
		{501D2B9A-1DC7-4AAB-A81E-F2A38C76E253}.Release|Any CPU.Build.0 = Release|Any CPU
		{00C2C3FF-8BFC-43A7-9CF9-4B72832F01B7}.Debug|Any CPU.ActiveCfg = Debug|Any CPU
		{00C2C3FF-8BFC-43A7-9CF9-4B72832F01B7}.Debug|Any CPU.Build.0 = Debug|Any CPU
		{00C2C3FF-8BFC-43A7-9CF9-4B72832F01B7}.Release|Any CPU.ActiveCfg = Release|Any CPU
		{00C2C3FF-8BFC-43A7-9CF9-4B72832F01B7}.Release|Any CPU.Build.0 = Release|Any CPU
		{952D26B0-4A92-4E0E-A31C-B446AB09A991}.Debug|Any CPU.ActiveCfg = Debug|Any CPU
		{952D26B0-4A92-4E0E-A31C-B446AB09A991}.Debug|Any CPU.Build.0 = Debug|Any CPU
		{952D26B0-4A92-4E0E-A31C-B446AB09A991}.Release|Any CPU.ActiveCfg = Release|Any CPU
		{952D26B0-4A92-4E0E-A31C-B446AB09A991}.Release|Any CPU.Build.0 = Release|Any CPU
		{35E7CD39-6894-47C9-858F-190132EBC973}.Debug|Any CPU.ActiveCfg = Debug|Any CPU
		{35E7CD39-6894-47C9-858F-190132EBC973}.Debug|Any CPU.Build.0 = Debug|Any CPU
		{35E7CD39-6894-47C9-858F-190132EBC973}.Release|Any CPU.ActiveCfg = Release|Any CPU
		{35E7CD39-6894-47C9-858F-190132EBC973}.Release|Any CPU.Build.0 = Release|Any CPU
	EndGlobalSection
	GlobalSection(SolutionProperties) = preSolution
		HideSolutionNode = FALSE
	EndGlobalSection
	GlobalSection(ExtensibilityGlobals) = postSolution
		SolutionGuid = {1E748A3E-1C4C-4252-93F5-299438C15048}
	EndGlobalSection
EndGlobal
